
Microsoft Visual Studio Solution File, Format Version 12.00
# Visual Studio Version 16
VisualStudioVersion = 16.0.29519.181
MinimumVisualStudioVersion = 10.0.40219.1
Project("{FAE04EC0-301F-11D3-BF4B-00C04F79EFBC}") = "RssBot", "RssBot\RssBot.csproj", "{68C6DECB-7E67-4E6E-BE63-D520ABE8D63E}"
EndProject
Global
	GlobalSection(SolutionConfigurationPlatforms) = preSolution
		Debug|Any CPU = Debug|Any CPU
		Release|Any CPU = Release|Any CPU
	EndGlobalSection
	GlobalSection(ProjectConfigurationPlatforms) = postSolution
		{68C6DECB-7E67-4E6E-BE63-D520ABE8D63E}.Debug|Any CPU.ActiveCfg = Debug|Any CPU
		{68C6DECB-7E67-4E6E-BE63-D520ABE8D63E}.Debug|Any CPU.Build.0 = Debug|Any CPU
		{68C6DECB-7E67-4E6E-BE63-D520ABE8D63E}.Release|Any CPU.ActiveCfg = Release|Any CPU
		{68C6DECB-7E67-4E6E-BE63-D520ABE8D63E}.Release|Any CPU.Build.0 = Release|Any CPU
	EndGlobalSection
	GlobalSection(SolutionProperties) = preSolution
		HideSolutionNode = FALSE
	EndGlobalSection
	GlobalSection(ExtensibilityGlobals) = postSolution
		SolutionGuid = {97948C62-54A7-44B2-91F9-C393B6BF808A}
	EndGlobalSection
EndGlobal
